
Microsoft Visual Studio Solution File, Format Version 12.00
# Visual Studio 15
VisualStudioVersion = 15.0.27428.2037
MinimumVisualStudioVersion = 10.0.40219.1
Project("{FAE04EC0-301F-11D3-BF4B-00C04F79EFBC}") = "Site.Traceless.SmartT", "Site.Traceless.SmartT\Site.Traceless.SmartT.csproj", "{A0145DCF-A990-4E69-84E9-4187DBAD9C71}"
EndProject
Project("{FAE04EC0-301F-11D3-BF4B-00C04F79EFBC}") = "Traceless.TExtension.Tools", "Traceless.TExtension.Tools\Traceless.TExtension.Tools.csproj", "{732D6A4A-7140-4EA7-9546-FC62F32E0F4E}"
EndProject
Project("{FAE04EC0-301F-11D3-BF4B-00C04F79EFBC}") = "TModel", "TModel\TModel.csproj", "{EE043754-A9D7-476E-9648-2C126FF44ADF}"
EndProject
Project("{9A19103F-16F7-4668-BE54-9A1E7A4F7556}") = "Traceless.Util", "Traceless.Util\Traceless.Util.csproj", "{539C4042-2508-47AD-A7F0-52D38F6A5DC6}"
EndProject
Project("{FAE04EC0-301F-11D3-BF4B-00C04F79EFBC}") = "Traceless.TExtension.ToolsTests", "Traceless.TExtension.ToolsTests\Traceless.TExtension.ToolsTests.csproj", "{FBAE233A-0926-4518-8926-E3ECE0F7CDEB}"
EndProject
Global
	GlobalSection(SolutionConfigurationPlatforms) = preSolution
		Debug|Any CPU = Debug|Any CPU
		Debug|x86 = Debug|x86
		Release|Any CPU = Release|Any CPU
		Release|x86 = Release|x86
	EndGlobalSection
	GlobalSection(ProjectConfigurationPlatforms) = postSolution
		{A0145DCF-A990-4E69-84E9-4187DBAD9C71}.Debug|Any CPU.ActiveCfg = Debug|Any CPU
		{A0145DCF-A990-4E69-84E9-4187DBAD9C71}.Debug|Any CPU.Build.0 = Debug|Any CPU
		{A0145DCF-A990-4E69-84E9-4187DBAD9C71}.Debug|x86.ActiveCfg = Debug|Any CPU
		{A0145DCF-A990-4E69-84E9-4187DBAD9C71}.Debug|x86.Build.0 = Debug|Any CPU
		{A0145DCF-A990-4E69-84E9-4187DBAD9C71}.Release|Any CPU.ActiveCfg = Release|Any CPU
		{A0145DCF-A990-4E69-84E9-4187DBAD9C71}.Release|Any CPU.Build.0 = Release|Any CPU
		{A0145DCF-A990-4E69-84E9-4187DBAD9C71}.Release|x86.ActiveCfg = Release|x86
		{A0145DCF-A990-4E69-84E9-4187DBAD9C71}.Release|x86.Build.0 = Release|x86
		{732D6A4A-7140-4EA7-9546-FC62F32E0F4E}.Debug|Any CPU.ActiveCfg = Debug|Any CPU
		{732D6A4A-7140-4EA7-9546-FC62F32E0F4E}.Debug|Any CPU.Build.0 = Debug|Any CPU
		{732D6A4A-7140-4EA7-9546-FC62F32E0F4E}.Debug|x86.ActiveCfg = Debug|Any CPU
		{732D6A4A-7140-4EA7-9546-FC62F32E0F4E}.Debug|x86.Build.0 = Debug|Any CPU
		{732D6A4A-7140-4EA7-9546-FC62F32E0F4E}.Release|Any CPU.ActiveCfg = Release|Any CPU
		{732D6A4A-7140-4EA7-9546-FC62F32E0F4E}.Release|Any CPU.Build.0 = Release|Any CPU
		{732D6A4A-7140-4EA7-9546-FC62F32E0F4E}.Release|x86.ActiveCfg = Release|Any CPU
		{732D6A4A-7140-4EA7-9546-FC62F32E0F4E}.Release|x86.Build.0 = Release|Any CPU
		{EE043754-A9D7-476E-9648-2C126FF44ADF}.Debug|Any CPU.ActiveCfg = Debug|Any CPU
		{EE043754-A9D7-476E-9648-2C126FF44ADF}.Debug|Any CPU.Build.0 = Debug|Any CPU
		{EE043754-A9D7-476E-9648-2C126FF44ADF}.Debug|x86.ActiveCfg = Debug|Any CPU
		{EE043754-A9D7-476E-9648-2C126FF44ADF}.Debug|x86.Build.0 = Debug|Any CPU
		{EE043754-A9D7-476E-9648-2C126FF44ADF}.Release|Any CPU.ActiveCfg = Release|Any CPU
		{EE043754-A9D7-476E-9648-2C126FF44ADF}.Release|Any CPU.Build.0 = Release|Any CPU
		{EE043754-A9D7-476E-9648-2C126FF44ADF}.Release|x86.ActiveCfg = Release|Any CPU
		{EE043754-A9D7-476E-9648-2C126FF44ADF}.Release|x86.Build.0 = Release|Any CPU
		{539C4042-2508-47AD-A7F0-52D38F6A5DC6}.Debug|Any CPU.ActiveCfg = Debug|Any CPU
		{539C4042-2508-47AD-A7F0-52D38F6A5DC6}.Debug|Any CPU.Build.0 = Debug|Any CPU
		{539C4042-2508-47AD-A7F0-52D38F6A5DC6}.Debug|x86.ActiveCfg = Debug|Any CPU
		{539C4042-2508-47AD-A7F0-52D38F6A5DC6}.Debug|x86.Build.0 = Debug|Any CPU
		{539C4042-2508-47AD-A7F0-52D38F6A5DC6}.Release|Any CPU.ActiveCfg = Release|Any CPU
		{539C4042-2508-47AD-A7F0-52D38F6A5DC6}.Release|Any CPU.Build.0 = Release|Any CPU
		{539C4042-2508-47AD-A7F0-52D38F6A5DC6}.Release|x86.ActiveCfg = Release|Any CPU
		{539C4042-2508-47AD-A7F0-52D38F6A5DC6}.Release|x86.Build.0 = Release|Any CPU
		{FBAE233A-0926-4518-8926-E3ECE0F7CDEB}.Debug|Any CPU.ActiveCfg = Debug|Any CPU
		{FBAE233A-0926-4518-8926-E3ECE0F7CDEB}.Debug|Any CPU.Build.0 = Debug|Any CPU
		{FBAE233A-0926-4518-8926-E3ECE0F7CDEB}.Debug|x86.ActiveCfg = Debug|Any CPU
		{FBAE233A-0926-4518-8926-E3ECE0F7CDEB}.Debug|x86.Build.0 = Debug|Any CPU
		{FBAE233A-0926-4518-8926-E3ECE0F7CDEB}.Release|Any CPU.ActiveCfg = Release|Any CPU
		{FBAE233A-0926-4518-8926-E3ECE0F7CDEB}.Release|Any CPU.Build.0 = Release|Any CPU
		{FBAE233A-0926-4518-8926-E3ECE0F7CDEB}.Release|x86.ActiveCfg = Release|Any CPU
		{FBAE233A-0926-4518-8926-E3ECE0F7CDEB}.Release|x86.Build.0 = Release|Any CPU
	EndGlobalSection
	GlobalSection(SolutionProperties) = preSolution
		HideSolutionNode = FALSE
	EndGlobalSection
	GlobalSection(ExtensibilityGlobals) = postSolution
		SolutionGuid = {28F7EC59-30F4-48FE-9BA7-1735D5B62566}
	EndGlobalSection
EndGlobal
